// !$*UTF8*$!
{
	archiveVersion = 1;
	classes = {
	};
	objectVersion = 46;
	objects = {

/* Begin PBXBuildFile section */
		30531E3E1A7428A50046E064 /* AppDelegate.swift in Sources */ = {isa = PBXBuildFile; fileRef = 30531E3D1A7428A50046E064 /* AppDelegate.swift */; };
		30531E401A7428A50046E064 /* ViewController.swift in Sources */ = {isa = PBXBuildFile; fileRef = 30531E3F1A7428A50046E064 /* ViewController.swift */; };
		30531E431A7428A50046E064 /* Main.storyboard in Resources */ = {isa = PBXBuildFile; fileRef = 30531E411A7428A50046E064 /* Main.storyboard */; };
		30531E451A7428A50046E064 /* Images.xcassets in Resources */ = {isa = PBXBuildFile; fileRef = 30531E441A7428A50046E064 /* Images.xcassets */; };
		30531E481A7428A50046E064 /* LaunchScreen.xib in Resources */ = {isa = PBXBuildFile; fileRef = 30531E461A7428A50046E064 /* LaunchScreen.xib */; };
		30531E541A7428A50046E064 /* TaskItTests.swift in Sources */ = {isa = PBXBuildFile; fileRef = 30531E531A7428A50046E064 /* TaskItTests.swift */; };
/* End PBXBuildFile section */

/* Begin PBXContainerItemProxy section */
		30531E4E1A7428A50046E064 /* PBXContainerItemProxy */ = {
			isa = PBXContainerItemProxy;
			containerPortal = 30531E301A7428A50046E064 /* Project object */;
			proxyType = 1;
			remoteGlobalIDString = 30531E371A7428A50046E064;
			remoteInfo = TaskIt;
		};
/* End PBXContainerItemProxy section */

/* Begin PBXFileReference section */
		30531E381A7428A50046E064 /* TaskIt.app */ = {isa = PBXFileReference; explicitFileType = wrapper.application; includeInIndex = 0; path = TaskIt.app; sourceTree = BUILT_PRODUCTS_DIR; };
		30531E3C1A7428A50046E064 /* Info.plist */ = {isa = PBXFileReference; lastKnownFileType = text.plist.xml; path = Info.plist; sourceTree = "<group>"; };
		30531E3D1A7428A50046E064 /* AppDelegate.swift */ = {isa = PBXFileReference; lastKnownFileType = sourcecode.swift; path = AppDelegate.swift; sourceTree = "<group>"; };
		30531E3F1A7428A50046E064 /* ViewController.swift */ = {isa = PBXFileReference; lastKnownFileType = sourcecode.swift; path = ViewController.swift; sourceTree = "<group>"; };
		30531E421A7428A50046E064 /* Base */ = {isa = PBXFileReference; lastKnownFileType = file.storyboard; name = Base; path = Base.lproj/Main.storyboard; sourceTree = "<group>"; };
		30531E441A7428A50046E064 /* Images.xcassets */ = {isa = PBXFileReference; lastKnownFileType = folder.assetcatalog; path = Images.xcassets; sourceTree = "<group>"; };
		30531E471A7428A50046E064 /* Base */ = {isa = PBXFileReference; lastKnownFileType = file.xib; name = Base; path = Base.lproj/LaunchScreen.xib; sourceTree = "<group>"; };
		30531E4D1A7428A50046E064 /* TaskItTests.xctest */ = {isa = PBXFileReference; explicitFileType = wrapper.cfbundle; includeInIndex = 0; path = TaskItTests.xctest; sourceTree = BUILT_PRODUCTS_DIR; };
		30531E521A7428A50046E064 /* Info.plist */ = {isa = PBXFileReference; lastKnownFileType = text.plist.xml; path = Info.plist; sourceTree = "<group>"; };
		30531E531A7428A50046E064 /* TaskItTests.swift */ = {isa = PBXFileReference; lastKnownFileType = sourcecode.swift; path = TaskItTests.swift; sourceTree = "<group>"; };
/* End PBXFileReference section */

/* Begin PBXFrameworksBuildPhase section */
		30531E351A7428A50046E064 /* Frameworks */ = {
			isa = PBXFrameworksBuildPhase;
			buildActionMask = 2147483647;
			files = (
			);
			runOnlyForDeploymentPostprocessing = 0;
		};
		30531E4A1A7428A50046E064 /* Frameworks */ = {
			isa = PBXFrameworksBuildPhase;
			buildActionMask = 2147483647;
			files = (
			);
			runOnlyForDeploymentPostprocessing = 0;
		};
/* End PBXFrameworksBuildPhase section */

/* Begin PBXGroup section */
		30531E2F1A7428A50046E064 = {
			isa = PBXGroup;
			children = (
				30531E3A1A7428A50046E064 /* TaskIt */,
				30531E501A7428A50046E064 /* TaskItTests */,
				30531E391A7428A50046E064 /* Products */,
			);
			sourceTree = "<group>";
		};
		30531E391A7428A50046E064 /* Products */ = {
			isa = PBXGroup;
			children = (
				30531E381A7428A50046E064 /* TaskIt.app */,
				30531E4D1A7428A50046E064 /* TaskItTests.xctest */,
			);
			name = Products;
			sourceTree = "<group>";
		};
		30531E3A1A7428A50046E064 /* TaskIt */ = {
			isa = PBXGroup;
			children = (
				30531E3D1A7428A50046E064 /* AppDelegate.swift */,
				30531E3F1A7428A50046E064 /* ViewController.swift */,
				30531E411A7428A50046E064 /* Main.storyboard */,
				30531E441A7428A50046E064 /* Images.xcassets */,
				30531E461A7428A50046E064 /* LaunchScreen.xib */,
				30531E3B1A7428A50046E064 /* Supporting Files */,
			);
			path = TaskIt;
			sourceTree = "<group>";
		};
		30531E3B1A7428A50046E064 /* Supporting Files */ = {
			isa = PBXGroup;
			children = (
				30531E3C1A7428A50046E064 /* Info.plist */,
			);
			name = "Supporting Files";
			sourceTree = "<group>";
		};
		30531E501A7428A50046E064 /* TaskItTests */ = {
			isa = PBXGroup;
			children = (
				30531E531A7428A50046E064 /* TaskItTests.swift */,
				30531E511A7428A50046E064 /* Supporting Files */,
			);
			path = TaskItTests;
			sourceTree = "<group>";
		};
		30531E511A7428A50046E064 /* Supporting Files */ = {
			isa = PBXGroup;
			children = (
				30531E521A7428A50046E064 /* Info.plist */,
			);
			name = "Supporting Files";
			sourceTree = "<group>";
		};
/* End PBXGroup section */

/* Begin PBXNativeTarget section */
		30531E371A7428A50046E064 /* TaskIt */ = {
			isa = PBXNativeTarget;
			buildConfigurationList = 30531E571A7428A50046E064 /* Build configuration list for PBXNativeTarget "TaskIt" */;
			buildPhases = (
				30531E341A7428A50046E064 /* Sources */,
				30531E351A7428A50046E064 /* Frameworks */,
				30531E361A7428A50046E064 /* Resources */,
			);
			buildRules = (
			);
			dependencies = (
			);
			name = TaskIt;
			productName = TaskIt;
			productReference = 30531E381A7428A50046E064 /* TaskIt.app */;
			productType = "com.apple.product-type.application";
		};
		30531E4C1A7428A50046E064 /* TaskItTests */ = {
			isa = PBXNativeTarget;
			buildConfigurationList = 30531E5A1A7428A50046E064 /* Build configuration list for PBXNativeTarget "TaskItTests" */;
			buildPhases = (
				30531E491A7428A50046E064 /* Sources */,
				30531E4A1A7428A50046E064 /* Frameworks */,
				30531E4B1A7428A50046E064 /* Resources */,
			);
			buildRules = (
			);
			dependencies = (
				30531E4F1A7428A50046E064 /* PBXTargetDependency */,
			);
			name = TaskItTests;
			productName = TaskItTests;
			productReference = 30531E4D1A7428A50046E064 /* TaskItTests.xctest */;
			productType = "com.apple.product-type.bundle.unit-test";
		};
/* End PBXNativeTarget section */

/* Begin PBXProject section */
		30531E301A7428A50046E064 /* Project object */ = {
			isa = PBXProject;
			attributes = {
				LastUpgradeCheck = 0610;
				ORGANIZATIONNAME = "David Nachtigall";
				TargetAttributes = {
					30531E371A7428A50046E064 = {
						CreatedOnToolsVersion = 6.1.1;
					};
					30531E4C1A7428A50046E064 = {
						CreatedOnToolsVersion = 6.1.1;
						TestTargetID = 30531E371A7428A50046E064;
					};
				};
			};
			buildConfigurationList = 30531E331A7428A50046E064 /* Build configuration list for PBXProject "TaskIt" */;
			compatibilityVersion = "Xcode 3.2";
			developmentRegion = English;
			hasScannedForEncodings = 0;
			knownRegions = (
				en,
				Base,
			);
			mainGroup = 30531E2F1A7428A50046E064;
			productRefGroup = 30531E391A7428A50046E064 /* Products */;
			projectDirPath = "";
			projectRoot = "";
			targets = (
				30531E371A7428A50046E064 /* TaskIt */,
				30531E4C1A7428A50046E064 /* TaskItTests */,
			);
		};
/* End PBXProject section */

/* Begin PBXResourcesBuildPhase section */
		30531E361A7428A50046E064 /* Resources */ = {
			isa = PBXResourcesBuildPhase;
			buildActionMask = 2147483647;
			files = (
				30531E431A7428A50046E064 /* Main.storyboard in Resources */,
				30531E481A7428A50046E064 /* LaunchScreen.xib in Resources */,
				30531E451A7428A50046E064 /* Images.xcassets in Resources */,
			);
			runOnlyForDeploymentPostprocessing = 0;
		};
		30531E4B1A7428A50046E064 /* Resources */ = {
			isa = PBXResourcesBuildPhase;
			buildActionMask = 2147483647;
			files = (
			);
			runOnlyForDeploymentPostprocessing = 0;
		};
/* End PBXResourcesBuildPhase section */

/* Begin PBXSourcesBuildPhase section */
		30531E341A7428A50046E064 /* Sources */ = {
			isa = PBXSourcesBuildPhase;
			buildActionMask = 2147483647;
			files = (
				30531E401A7428A50046E064 /* ViewController.swift in Sources */,
				30531E3E1A7428A50046E064 /* AppDelegate.swift in Sources */,
			);
			runOnlyForDeploymentPostprocessing = 0;
		};
		30531E491A7428A50046E064 /* Sources */ = {
			isa = PBXSourcesBuildPhase;
			buildActionMask = 2147483647;
			files = (
				30531E541A7428A50046E064 /* TaskItTests.swift in Sources */,
			);
			runOnlyForDeploymentPostprocessing = 0;
		};
/* End PBXSourcesBuildPhase section */

/* Begin PBXTargetDependency section */
		30531E4F1A7428A50046E064 /* PBXTargetDependency */ = {
			isa = PBXTargetDependency;
			target = 30531E371A7428A50046E064 /* TaskIt */;
			targetProxy = 30531E4E1A7428A50046E064 /* PBXContainerItemProxy */;
		};
/* End PBXTargetDependency section */

/* Begin PBXVariantGroup section */
		30531E411A7428A50046E064 /* Main.storyboard */ = {
			isa = PBXVariantGroup;
			children = (
				30531E421A7428A50046E064 /* Base */,
			);
			name = Main.storyboard;
			sourceTree = "<group>";
		};
		30531E461A7428A50046E064 /* LaunchScreen.xib */ = {
			isa = PBXVariantGroup;
			children = (
				30531E471A7428A50046E064 /* Base */,
			);
			name = LaunchScreen.xib;
			sourceTree = "<group>";
		};
/* End PBXVariantGroup section */

/* Begin XCBuildConfiguration section */
		30531E551A7428A50046E064 /* Debug */ = {
			isa = XCBuildConfiguration;
			buildSettings = {
				ALWAYS_SEARCH_USER_PATHS = NO;
				CLANG_CXX_LANGUAGE_STANDARD = "gnu++0x";
				CLANG_CXX_LIBRARY = "libc++";
				CLANG_ENABLE_MODULES = YES;
				CLANG_ENABLE_OBJC_ARC = YES;
				CLANG_WARN_BOOL_CONVERSION = YES;
				CLANG_WARN_CONSTANT_CONVERSION = YES;
				CLANG_WARN_DIRECT_OBJC_ISA_USAGE = YES_ERROR;
				CLANG_WARN_EMPTY_BODY = YES;
				CLANG_WARN_ENUM_CONVERSION = YES;
				CLANG_WARN_INT_CONVERSION = YES;
				CLANG_WARN_OBJC_ROOT_CLASS = YES_ERROR;
				CLANG_WARN_UNREACHABLE_CODE = YES;
				CLANG_WARN__DUPLICATE_METHOD_MATCH = YES;
				"CODE_SIGN_IDENTITY[sdk=iphoneos*]" = "iPhone Developer";
				COPY_PHASE_STRIP = NO;
				ENABLE_STRICT_OBJC_MSGSEND = YES;
				GCC_C_LANGUAGE_STANDARD = gnu99;
				GCC_DYNAMIC_NO_PIC = NO;
				GCC_OPTIMIZATION_LEVEL = 0;
				GCC_PREPROCESSOR_DEFINITIONS = (
					"DEBUG=1",
					"$(inherited)",
				);
				GCC_SYMBOLS_PRIVATE_EXTERN = NO;
				GCC_WARN_64_TO_32_BIT_CONVERSION = YES;
				GCC_WARN_ABOUT_RETURN_TYPE = YES_ERROR;
				GCC_WARN_UNDECLARED_SELECTOR = YES;
				GCC_WARN_UNINITIALIZED_AUTOS = YES_AGGRESSIVE;
				GCC_WARN_UNUSED_FUNCTION = YES;
				GCC_WARN_UNUSED_VARIABLE = YES;
				IPHONEOS_DEPLOYMENT_TARGET = 8.1;
				MTL_ENABLE_DEBUG_INFO = YES;
				ONLY_ACTIVE_ARCH = YES;
				SDKROOT = iphoneos;
				SWIFT_OPTIMIZATION_LEVEL = "-Onone";
				TARGETED_DEVICE_FAMILY = "1,2";
			};
			name = Debug;
		};
		30531E561A7428A50046E064 /* Release */ = {
			isa = XCBuildConfiguration;
			buildSettings = {
				ALWAYS_SEARCH_USER_PATHS = NO;
				CLANG_CXX_LANGUAGE_STANDARD = "gnu++0x";
				CLANG_CXX_LIBRARY = "libc++";
				CLANG_ENABLE_MODULES = YES;
				CLANG_ENABLE_OBJC_ARC = YES;
				CLANG_WARN_BOOL_CONVERSION = YES;
				CLANG_WARN_CONSTANT_CONVERSION = YES;
				CLANG_WARN_DIRECT_OBJC_ISA_USAGE = YES_ERROR;
				CLANG_WARN_EMPTY_BODY = YES;
				CLANG_WARN_ENUM_CONVERSION = YES;
				CLANG_WARN_INT_CONVERSION = YES;
				CLANG_WARN_OBJC_ROOT_CLASS = YES_ERROR;
				CLANG_WARN_UNREACHABLE_CODE = YES;
				CLANG_WARN__DUPLICATE_METHOD_MATCH = YES;
				"CODE_SIGN_IDENTITY[sdk=iphoneos*]" = "iPhone Developer";
				COPY_PHASE_STRIP = YES;
				ENABLE_NS_ASSERTIONS = NO;
				ENABLE_STRICT_OBJC_MSGSEND = YES;
				GCC_C_LANGUAGE_STANDARD = gnu99;
				GCC_WARN_64_TO_32_BIT_CONVERSION = YES;
				GCC_WARN_ABOUT_RETURN_TYPE = YES_ERROR;
				GCC_WARN_UNDECLARED_SELECTOR = YES;
				GCC_WARN_UNINITIALIZED_AUTOS = YES_AGGRESSIVE;
				GCC_WARN_UNUSED_FUNCTION = YES;
				GCC_WARN_UNUSED_VARIABLE = YES;
				IPHONEOS_DEPLOYMENT_TARGET = 8.1;
				MTL_ENABLE_DEBUG_INFO = NO;
				SDKROOT = iphoneos;
				TARGETED_DEVICE_FAMILY = "1,2";
				VALIDATE_PRODUCT = YES;
			};
			name = Release;
		};
		30531E581A7428A50046E064 /* Debug */ = {
			isa = XCBuildConfiguration;
			buildSettings = {
				ASSETCATALOG_COMPILER_APPICON_NAME = AppIcon;
				INFOPLIST_FILE = TaskIt/Info.plist;
				LD_RUNPATH_SEARCH_PATHS = "$(inherited) @executable_path/Frameworks";
				PRODUCT_NAME = "$(TARGET_NAME)";
			};
			name = Debug;
		};
		30531E591A7428A50046E064 /* Release */ = {
			isa = XCBuildConfiguration;
			buildSettings = {
				ASSETCATALOG_COMPILER_APPICON_NAME = AppIcon;
				INFOPLIST_FILE = TaskIt/Info.plist;
				LD_RUNPATH_SEARCH_PATHS = "$(inherited) @executable_path/Frameworks";
				PRODUCT_NAME = "$(TARGET_NAME)";
			};
			name = Release;
		};
		30531E5B1A7428A50046E064 /* Debug */ = {
			isa = XCBuildConfiguration;
			buildSettings = {
				BUNDLE_LOADER = "$(TEST_HOST)";
				FRAMEWORK_SEARCH_PATHS = (
					"$(SDKROOT)/Developer/Library/Frameworks",
					"$(inherited)",
				);
				GCC_PREPROCESSOR_DEFINITIONS = (
					"DEBUG=1",
					"$(inherited)",
				);
				INFOPLIST_FILE = TaskItTests/Info.plist;
				LD_RUNPATH_SEARCH_PATHS = "$(inherited) @executable_path/Frameworks @loader_path/Frameworks";
				PRODUCT_NAME = "$(TARGET_NAME)";
				TEST_HOST = "$(BUILT_PRODUCTS_DIR)/TaskIt.app/TaskIt";
			};
			name = Debug;
		};
		30531E5C1A7428A50046E064 /* Release */ = {
			isa = XCBuildConfiguration;
			buildSettings = {
				BUNDLE_LOADER = "$(TEST_HOST)";
				FRAMEWORK_SEARCH_PATHS = (
					"$(SDKROOT)/Developer/Library/Frameworks",
					"$(inherited)",
				);
				INFOPLIST_FILE = TaskItTests/Info.plist;
				LD_RUNPATH_SEARCH_PATHS = "$(inherited) @executable_path/Frameworks @loader_path/Frameworks";
				PRODUCT_NAME = "$(TARGET_NAME)";
				TEST_HOST = "$(BUILT_PRODUCTS_DIR)/TaskIt.app/TaskIt";
			};
			name = Release;
		};
/* End XCBuildConfiguration section */

/* Begin XCConfigurationList section */
		30531E331A7428A50046E064 /* Build configuration list for PBXProject "TaskIt" */ = {
			isa = XCConfigurationList;
			buildConfigurations = (
				30531E551A7428A50046E064 /* Debug */,
				30531E561A7428A50046E064 /* Release */,
			);
			defaultConfigurationIsVisible = 0;
			defaultConfigurationName = Release;
		};
		30531E571A7428A50046E064 /* Build configuration list for PBXNativeTarget "TaskIt" */ = {
			isa = XCConfigurationList;
			buildConfigurations = (
				30531E581A7428A50046E064 /* Debug */,
				30531E591A7428A50046E064 /* Release */,
			);
			defaultConfigurationIsVisible = 0;
		};
		30531E5A1A7428A50046E064 /* Build configuration list for PBXNativeTarget "TaskItTests" */ = {
			isa = XCConfigurationList;
			buildConfigurations = (
				30531E5B1A7428A50046E064 /* Debug */,
				30531E5C1A7428A50046E064 /* Release */,
			);
			defaultConfigurationIsVisible = 0;
		};
/* End XCConfigurationList section */
	};
	rootObject = 30531E301A7428A50046E064 /* Project object */;
}
